
Microsoft Visual Studio Solution File, Format Version 12.00
# Visual Studio Version 16
VisualStudioVersion = 16.0.33130.400
MinimumVisualStudioVersion = 10.0.40219.1
Project("{9A19103F-16F7-4668-BE54-9A1E7A4F7556}") = "NumberSystems", "NumberSystems\NumberSystems.csproj", "{94660769-AB26-4D13-B141-14B86277BCA8}"
EndProject
Project("{FAE04EC0-301F-11D3-BF4B-00C04F79EFBC}") = "UnitTestNumberSystems", "UnitTestNumberSystems\UnitTestNumberSystems.csproj", "{BE4946ED-7CE2-4827-B92D-293A4464BAD2}"
EndProject
Global
	GlobalSection(SolutionConfigurationPlatforms) = preSolution
		Debug|Any CPU = Debug|Any CPU
		Release|Any CPU = Release|Any CPU
	EndGlobalSection
	GlobalSection(ProjectConfigurationPlatforms) = postSolution
		{94660769-AB26-4D13-B141-14B86277BCA8}.Debug|Any CPU.ActiveCfg = Debug|Any CPU
		{94660769-AB26-4D13-B141-14B86277BCA8}.Debug|Any CPU.Build.0 = Debug|Any CPU
		{94660769-AB26-4D13-B141-14B86277BCA8}.Release|Any CPU.ActiveCfg = Release|Any CPU
		{94660769-AB26-4D13-B141-14B86277BCA8}.Release|Any CPU.Build.0 = Release|Any CPU
		{BE4946ED-7CE2-4827-B92D-293A4464BAD2}.Debug|Any CPU.ActiveCfg = Debug|Any CPU
		{BE4946ED-7CE2-4827-B92D-293A4464BAD2}.Debug|Any CPU.Build.0 = Debug|Any CPU
		{BE4946ED-7CE2-4827-B92D-293A4464BAD2}.Release|Any CPU.ActiveCfg = Release|Any CPU
		{BE4946ED-7CE2-4827-B92D-293A4464BAD2}.Release|Any CPU.Build.0 = Release|Any CPU
	EndGlobalSection
	GlobalSection(SolutionProperties) = preSolution
		HideSolutionNode = FALSE
	EndGlobalSection
	GlobalSection(ExtensibilityGlobals) = postSolution
		SolutionGuid = {592ADCA9-0A86-46EF-B89F-405FBFE056FB}
	EndGlobalSection
EndGlobal
